<?xml version='1.0' encoding='UTF-8'?>
<Scheme LastUpgradeVersion="2610" version="1.3">
  <BuildAction parallelizeBuildables="YES" buildImplicitDependencies="YES">
    <BuildActionEntries>
      <BuildActionEntry buildForTesting="YES" buildForRunning="YES" buildForProfiling="YES" buildForArchiving="YES" buildForAnalyzing="YES">
        <BuildableReference BuildableIdentifier="primary" BlueprintIdentifier="AB2C66014B01EC26EF70D680" BuildableName="OnsenPlannerMac.app" BlueprintName="OnsenPlannerMac" ReferencedContainer="container:OnsenMac.xcodeproj" />
      </BuildActionEntry>
    </BuildActionEntries>
  </BuildAction>
  <TestAction buildConfiguration="Debug" selectedDebuggerIdentifier="Xcode.DebuggerFoundation.Debugger.LLDB" selectedLauncherIdentifier="Xcode.IDEFoundation.Launcher.LLDB" shouldUseLaunchSchemeArgsEnv="YES">
    <Testables>
      <TestableReference skipped="NO">
        <BuildableReference BuildableIdentifier="primary" BlueprintIdentifier="6E19EB1DED29565864C5A8E7" BuildableName="OnsenMacTests.xctest" BlueprintName="OnsenMacTests" ReferencedContainer="container:OnsenMac.xcodeproj" />
      </TestableReference>
      <TestableReference skipped="NO">
        <BuildableReference BuildableIdentifier="primary" BlueprintIdentifier="5CDBEEA892767A7E0A8C8E3A" BuildableName="OnsenMacUITests.xctest" BlueprintName="OnsenMacUITests" ReferencedContainer="container:OnsenMac.xcodeproj" />
      </TestableReference>
    </Testables>
  </TestAction>
  <LaunchAction buildConfiguration="Debug" useCustomWorkingDirectory="NO" debugDocumentVersioning="YES" selectedDebuggerIdentifier="Xcode.DebuggerFoundation.Debugger.LLDB" selectedLauncherIdentifier="Xcode.IDEFoundation.Launcher.LLDB" launchStyle="0">
    <BuildableProductRunnable runnableDebuggingMode="0">
      <BuildableReference BuildableIdentifier="primary" BlueprintIdentifier="AB2C66014B01EC26EF70D680" BuildableName="OnsenPlannerMac.app" BlueprintName="OnsenPlannerMac" ReferencedContainer="container:OnsenMac.xcodeproj" />
    </BuildableProductRunnable>
  </LaunchAction>
  <ProfileAction buildConfiguration="Release" useCustomWorkingDirectory="NO" debugDocumentVersioning="YES">
    <BuildableProductRunnable runnableDebuggingMode="0">
      <BuildableReference BuildableIdentifier="primary" BlueprintIdentifier="AB2C66014B01EC26EF70D680" BuildableName="OnsenPlannerMac.app" BlueprintName="OnsenPlannerMac" ReferencedContainer="container:OnsenMac.xcodeproj" />
    </BuildableProductRunnable>
  </ProfileAction>
  <AnalyzeAction buildConfiguration="Debug" />
  <ArchiveAction buildConfiguration="Release" revealArchiveInOrganizer="YES" />
</Scheme>